
Microsoft Visual Studio Solution File, Format Version 12.00
# Visual Studio Version 17
VisualStudioVersion = 17.10.35122.118
MinimumVisualStudioVersion = 10.0.40219.1
Project("{FAE04EC0-301F-11D3-BF4B-00C04F79EFBC}") = "Class-Obj-Prop-Encapsu", "Ejemplo1\Class-Obj-Prop-Encapsu.csproj", "{14764F6D-525C-4C6A-B70F-0D5250295433}"
EndProject
Project("{FAE04EC0-301F-11D3-BF4B-00C04F79EFBC}") = "String", "String\String.csproj", "{0D6C243C-C770-4753-983E-7B5CE2F9B880}"
EndProject
Project("{FAE04EC0-301F-11D3-BF4B-00C04F79EFBC}") = "Desafio 1", "Desafio 1\Desafio 1.csproj", "{9CC2B5AE-D17F-4A0E-B0DC-E7EDBF6C5CB8}"
EndProject
Project("{FAE04EC0-301F-11D3-BF4B-00C04F79EFBC}") = "Herencia", "Herencia\Herencia.csproj", "{0D068326-EB69-4B54-BC93-BDBEBA2613E8}"
EndProject
Project("{FAE04EC0-301F-11D3-BF4B-00C04F79EFBC}") = "Herencia3", "Herencia3\Herencia3.csproj", "{363E17A9-FB67-4D65-A31C-28D5C17F78D2}"
EndProject
Global
	GlobalSection(SolutionConfigurationPlatforms) = preSolution
		Debug|Any CPU = Debug|Any CPU
		Release|Any CPU = Release|Any CPU
	EndGlobalSection
	GlobalSection(ProjectConfigurationPlatforms) = postSolution
		{14764F6D-525C-4C6A-B70F-0D5250295433}.Debug|Any CPU.ActiveCfg = Debug|Any CPU
		{14764F6D-525C-4C6A-B70F-0D5250295433}.Debug|Any CPU.Build.0 = Debug|Any CPU
		{14764F6D-525C-4C6A-B70F-0D5250295433}.Release|Any CPU.ActiveCfg = Release|Any CPU
		{14764F6D-525C-4C6A-B70F-0D5250295433}.Release|Any CPU.Build.0 = Release|Any CPU
		{0D6C243C-C770-4753-983E-7B5CE2F9B880}.Debug|Any CPU.ActiveCfg = Debug|Any CPU
		{0D6C243C-C770-4753-983E-7B5CE2F9B880}.Debug|Any CPU.Build.0 = Debug|Any CPU
		{0D6C243C-C770-4753-983E-7B5CE2F9B880}.Release|Any CPU.ActiveCfg = Release|Any CPU
		{0D6C243C-C770-4753-983E-7B5CE2F9B880}.Release|Any CPU.Build.0 = Release|Any CPU
		{9CC2B5AE-D17F-4A0E-B0DC-E7EDBF6C5CB8}.Debug|Any CPU.ActiveCfg = Debug|Any CPU
		{9CC2B5AE-D17F-4A0E-B0DC-E7EDBF6C5CB8}.Debug|Any CPU.Build.0 = Debug|Any CPU
		{9CC2B5AE-D17F-4A0E-B0DC-E7EDBF6C5CB8}.Release|Any CPU.ActiveCfg = Release|Any CPU
		{9CC2B5AE-D17F-4A0E-B0DC-E7EDBF6C5CB8}.Release|Any CPU.Build.0 = Release|Any CPU
		{0D068326-EB69-4B54-BC93-BDBEBA2613E8}.Debug|Any CPU.ActiveCfg = Debug|Any CPU
		{0D068326-EB69-4B54-BC93-BDBEBA2613E8}.Debug|Any CPU.Build.0 = Debug|Any CPU
		{0D068326-EB69-4B54-BC93-BDBEBA2613E8}.Release|Any CPU.ActiveCfg = Release|Any CPU
		{0D068326-EB69-4B54-BC93-BDBEBA2613E8}.Release|Any CPU.Build.0 = Release|Any CPU
		{363E17A9-FB67-4D65-A31C-28D5C17F78D2}.Debug|Any CPU.ActiveCfg = Debug|Any CPU
		{363E17A9-FB67-4D65-A31C-28D5C17F78D2}.Debug|Any CPU.Build.0 = Debug|Any CPU
		{363E17A9-FB67-4D65-A31C-28D5C17F78D2}.Release|Any CPU.ActiveCfg = Release|Any CPU
		{363E17A9-FB67-4D65-A31C-28D5C17F78D2}.Release|Any CPU.Build.0 = Release|Any CPU
	EndGlobalSection
	GlobalSection(SolutionProperties) = preSolution
		HideSolutionNode = FALSE
	EndGlobalSection
	GlobalSection(ExtensibilityGlobals) = postSolution
		SolutionGuid = {7E9D42F2-6741-423D-ADCD-777155CCBC4D}
	EndGlobalSection
EndGlobal
